<Solution>
  <Project Path="CapaDatos/CapaDatos.csproj" Id="6e07bf14-1b22-4a6c-b4db-987e26253a95" />
  <Project Path="CapaNegocio/CapaNegocio.csproj" Id="930bbe75-8321-4f94-ba1d-931b482ce14a" />
  <Project Path="Three Tier Proyect/CapaPresentacion.csproj" Id="6817c763-8f9c-4229-88f2-5d6c8cafad41" />
</Solution>
